
Microsoft Visual Studio Solution File, Format Version 12.00
# Visual Studio Version 17
VisualStudioVersion = 17.13.35825.156
MinimumVisualStudioVersion = 10.0.40219.1
Project("{2150E333-8FDC-42A3-9474-1A3956D46DE8}") = "Services", "Services", "{02EA681E-C7D8-13C7-8484-4AC65E1B71E8}"
EndProject
Project("{2150E333-8FDC-42A3-9474-1A3956D46DE8}") = "Catalog", "Catalog", "{1B3C259A-502B-4ED0-97C3-41D2D7E332C7}"
EndProject
Project("{FAE04EC0-301F-11D3-BF4B-00C04F79EFBC}") = "MultiShop.Catalog", "Services\Catalog\MultiShop.Catalog\MultiShop.Catalog.csproj", "{A25A07E7-158F-4845-B369-C2A41204E619}"
EndProject
Project("{2150E333-8FDC-42A3-9474-1A3956D46DE8}") = "Discount", "Discount", "{EDBC3A13-ECCD-48F7-9626-8CD3B51047DA}"
EndProject
Project("{FAE04EC0-301F-11D3-BF4B-00C04F79EFBC}") = "MultiShop.Discount", "Services\Discount\MultiShop.Discount\MultiShop.Discount.csproj", "{C586FD67-B602-48F4-B7C8-F2CF7DBDD979}"
EndProject
Project("{2150E333-8FDC-42A3-9474-1A3956D46DE8}") = "Order", "Order", "{5B1D1127-B94E-4243-B419-EE495B32F067}"
EndProject
Project("{2150E333-8FDC-42A3-9474-1A3956D46DE8}") = "Core", "Core", "{323FB4C3-55ED-45CD-B1C0-12F19A2842B9}"
EndProject
Project("{2150E333-8FDC-42A3-9474-1A3956D46DE8}") = "Infrastructure", "Infrastructure", "{08CEFE87-2608-4896-949B-B746F882FBB4}"
EndProject
Project("{2150E333-8FDC-42A3-9474-1A3956D46DE8}") = "Presentation", "Presentation", "{ADAF4D0D-902D-4B4D-94F7-85AC0A6E49D6}"
EndProject
Project("{FAE04EC0-301F-11D3-BF4B-00C04F79EFBC}") = "MultiShop.Order.Domain", "Services\Order\Core\MultiShop.Order.Domain\MultiShop.Order.Domain.csproj", "{7FF8C1C5-FCAF-49E6-97C5-5058458E6B03}"
EndProject
Project("{FAE04EC0-301F-11D3-BF4B-00C04F79EFBC}") = "MultiShop.Order.Application", "Services\Order\Core\MultiShop.Order.Application\MultiShop.Order.Application.csproj", "{95E7C678-5F5A-49ED-96DD-1BAF946B79CD}"
EndProject
Project("{FAE04EC0-301F-11D3-BF4B-00C04F79EFBC}") = "MultiShop.Order.Persistence", "Services\Order\Infrastructure\MultiShop.Order.Persistence\MultiShop.Order.Persistence.csproj", "{E2271BCE-2E84-4C51-BF91-8048347A967D}"
EndProject
Project("{FAE04EC0-301F-11D3-BF4B-00C04F79EFBC}") = "MultiShop.Order.WebApi", "Services\Order\Presentation\MultiShop.Order.WebApi\MultiShop.Order.WebApi.csproj", "{9AF9C244-E9C9-47AF-BADB-79C0818165B3}"
EndProject
Project("{2150E333-8FDC-42A3-9474-1A3956D46DE8}") = "IdentityServer", "IdentityServer", "{87F4DF4C-D5C5-4D85-AA8C-FC96474C3339}"
EndProject
Project("{FAE04EC0-301F-11D3-BF4B-00C04F79EFBC}") = "MultiShop.IdentityServer", "IdentityServer\MultiShop.IdentityServer\MultiShop.IdentityServer.csproj", "{EA14094F-FB55-5ABC-1402-B4229C4AD0B1}"
EndProject
Project("{2150E333-8FDC-42A3-9474-1A3956D46DE8}") = "Cargo", "Cargo", "{73A3B144-CEB0-4977-9F5F-C5E09FBED70E}"
EndProject
Project("{FAE04EC0-301F-11D3-BF4B-00C04F79EFBC}") = "MultiShop.Cargo.EntityLayer", "Services\Cargo\MultiShop.Cargo.EntityLayer\MultiShop.Cargo.EntityLayer.csproj", "{E91A0521-512A-4AB4-AEF2-45F58E134940}"
EndProject
Project("{FAE04EC0-301F-11D3-BF4B-00C04F79EFBC}") = "MultiShop.Cargo.BusinessLayer", "Services\Cargo\MultiShop.Cargo.BusinessLayer\MultiShop.Cargo.BusinessLayer.csproj", "{F337C634-AE85-4437-BAD4-56A05A46C5A9}"
EndProject
Project("{FAE04EC0-301F-11D3-BF4B-00C04F79EFBC}") = "MultiShop.Cargo.DataAccessLayer", "Services\Cargo\MultiShop.Cargo.DataAccessLayer\MultiShop.Cargo.DataAccessLayer.csproj", "{C3F03025-6FE3-4D1D-8B46-9F8DA5AC387A}"
EndProject
Project("{FAE04EC0-301F-11D3-BF4B-00C04F79EFBC}") = "MultiShop.Cargo.DtoLayer", "Services\Cargo\MultiShop.Cargo.DtoLayer\MultiShop.Cargo.DtoLayer.csproj", "{F432DF53-3FE5-4C26-80DB-0D8133308563}"
EndProject
Project("{FAE04EC0-301F-11D3-BF4B-00C04F79EFBC}") = "MultiShop.Cargo.WebApi", "Services\Cargo\MultiShop.Cargo.WebApi\MultiShop.Cargo.WebApi.csproj", "{B9B58C09-2D4F-4E52-AB38-CF5B3AEF44D7}"
EndProject
Project("{2150E333-8FDC-42A3-9474-1A3956D46DE8}") = "Basket", "Basket", "{BFD7126D-B928-4B98-92F4-03A4299262CB}"
EndProject
Project("{FAE04EC0-301F-11D3-BF4B-00C04F79EFBC}") = "MultiShop.Basket", "Services\Basket\MultiShop.Basket\MultiShop.Basket.csproj", "{2764C6F0-BBD0-4322-A65B-25E33025AAF1}"
EndProject
Project("{2150E333-8FDC-42A3-9474-1A3956D46DE8}") = "Frontends", "Frontends", "{01B12F9F-D6F1-41EE-9287-70B3C26A6F62}"
EndProject
Project("{FAE04EC0-301F-11D3-BF4B-00C04F79EFBC}") = "MultiShop.WebUI", "Frontends\MultiShop.WebUI\MultiShop.WebUI.csproj", "{87AB8875-F71A-4464-9CBC-2CEAF7B423EE}"
EndProject
Project("{FAE04EC0-301F-11D3-BF4B-00C04F79EFBC}") = "MultiShop.DtoLayer", "Frontends\MultiShop.DtoLayer\MultiShop.DtoLayer.csproj", "{A7328E53-C18F-4E4D-8E48-87F49D473F30}"
EndProject
Project("{2150E333-8FDC-42A3-9474-1A3956D46DE8}") = "Comment", "Comment", "{5F0B4F85-B474-4081-BBEF-F3D1F66647D3}"
EndProject
Project("{FAE04EC0-301F-11D3-BF4B-00C04F79EFBC}") = "MultiShop.Comment", "Services\Comment\MultiShop.Comment\MultiShop.Comment.csproj", "{6E6DA2AD-73FE-485B-934B-AA2DAD4E9AA1}"
EndProject
Project("{2150E333-8FDC-42A3-9474-1A3956D46DE8}") = "ApiGateway", "ApiGateway", "{CB544449-5575-45A4-B6BA-5227A9466CE7}"
EndProject
Project("{2150E333-8FDC-42A3-9474-1A3956D46DE8}") = "RapidApi", "RapidApi", "{FF9A5D0E-8940-4BB9-B3D1-932D0AAA5319}"
EndProject
Project("{FAE04EC0-301F-11D3-BF4B-00C04F79EFBC}") = "MultiShop.OcelotGateway", "ApiGateway\MultiShop.OcelotGateway\MultiShop.OcelotGateway.csproj", "{A0D6F79B-18F7-4671-B07C-4A8807CEB5D1}"
EndProject
Project("{2150E333-8FDC-42A3-9474-1A3956D46DE8}") = "Message", "Message", "{AB842E08-3256-4791-BC83-B9BF976A610D}"
EndProject
Project("{FAE04EC0-301F-11D3-BF4B-00C04F79EFBC}") = "MultiShop.Message", "Services\Message\MultiShop.Message\MultiShop.Message.csproj", "{1E4E5F47-2E41-43D3-B7E2-028D12798EB3}"
EndProject
Project("{2150E333-8FDC-42A3-9474-1A3956D46DE8}") = "SignalRRealTime", "SignalRRealTime", "{D87DA239-2FD4-4B6D-8883-F0734EA3533C}"
EndProject
Project("{FAE04EC0-301F-11D3-BF4B-00C04F79EFBC}") = "MultiShop.SignalRRealTimeApi", "Services\SignalRRealTime\MultiShop.SignalRRealTimeApi\MultiShop.SignalRRealTimeApi.csproj", "{B024EDC1-FC50-420E-8101-69B4C3A29160}"
EndProject
Project("{FAE04EC0-301F-11D3-BF4B-00C04F79EFBC}") = "MultiShop.RapidApiWebUI", "RapidApi\MultiShop.RapidApiWebUI\MultiShop.RapidApiWebUI.csproj", "{4DB85707-BC6F-4EBD-8F70-3D11F3F29D43}"
EndProject
Global
	GlobalSection(SolutionConfigurationPlatforms) = preSolution
		Debug|Any CPU = Debug|Any CPU
		Release|Any CPU = Release|Any CPU
	EndGlobalSection
	GlobalSection(ProjectConfigurationPlatforms) = postSolution
		{A25A07E7-158F-4845-B369-C2A41204E619}.Debug|Any CPU.ActiveCfg = Debug|Any CPU
		{A25A07E7-158F-4845-B369-C2A41204E619}.Debug|Any CPU.Build.0 = Debug|Any CPU
		{A25A07E7-158F-4845-B369-C2A41204E619}.Release|Any CPU.ActiveCfg = Release|Any CPU
		{A25A07E7-158F-4845-B369-C2A41204E619}.Release|Any CPU.Build.0 = Release|Any CPU
		{C586FD67-B602-48F4-B7C8-F2CF7DBDD979}.Debug|Any CPU.ActiveCfg = Debug|Any CPU
		{C586FD67-B602-48F4-B7C8-F2CF7DBDD979}.Debug|Any CPU.Build.0 = Debug|Any CPU
		{C586FD67-B602-48F4-B7C8-F2CF7DBDD979}.Release|Any CPU.ActiveCfg = Release|Any CPU
		{C586FD67-B602-48F4-B7C8-F2CF7DBDD979}.Release|Any CPU.Build.0 = Release|Any CPU
		{7FF8C1C5-FCAF-49E6-97C5-5058458E6B03}.Debug|Any CPU.ActiveCfg = Debug|Any CPU
		{7FF8C1C5-FCAF-49E6-97C5-5058458E6B03}.Debug|Any CPU.Build.0 = Debug|Any CPU
		{7FF8C1C5-FCAF-49E6-97C5-5058458E6B03}.Release|Any CPU.ActiveCfg = Release|Any CPU
		{7FF8C1C5-FCAF-49E6-97C5-5058458E6B03}.Release|Any CPU.Build.0 = Release|Any CPU
		{95E7C678-5F5A-49ED-96DD-1BAF946B79CD}.Debug|Any CPU.ActiveCfg = Debug|Any CPU
		{95E7C678-5F5A-49ED-96DD-1BAF946B79CD}.Debug|Any CPU.Build.0 = Debug|Any CPU
		{95E7C678-5F5A-49ED-96DD-1BAF946B79CD}.Release|Any CPU.ActiveCfg = Release|Any CPU
		{95E7C678-5F5A-49ED-96DD-1BAF946B79CD}.Release|Any CPU.Build.0 = Release|Any CPU
		{E2271BCE-2E84-4C51-BF91-8048347A967D}.Debug|Any CPU.ActiveCfg = Debug|Any CPU
		{E2271BCE-2E84-4C51-BF91-8048347A967D}.Debug|Any CPU.Build.0 = Debug|Any CPU
		{E2271BCE-2E84-4C51-BF91-8048347A967D}.Release|Any CPU.ActiveCfg = Release|Any CPU
		{E2271BCE-2E84-4C51-BF91-8048347A967D}.Release|Any CPU.Build.0 = Release|Any CPU
		{9AF9C244-E9C9-47AF-BADB-79C0818165B3}.Debug|Any CPU.ActiveCfg = Debug|Any CPU
		{9AF9C244-E9C9-47AF-BADB-79C0818165B3}.Debug|Any CPU.Build.0 = Debug|Any CPU
		{9AF9C244-E9C9-47AF-BADB-79C0818165B3}.Release|Any CPU.ActiveCfg = Release|Any CPU
		{9AF9C244-E9C9-47AF-BADB-79C0818165B3}.Release|Any CPU.Build.0 = Release|Any CPU
		{EA14094F-FB55-5ABC-1402-B4229C4AD0B1}.Debug|Any CPU.ActiveCfg = Debug|Any CPU
		{EA14094F-FB55-5ABC-1402-B4229C4AD0B1}.Debug|Any CPU.Build.0 = Debug|Any CPU
		{EA14094F-FB55-5ABC-1402-B4229C4AD0B1}.Release|Any CPU.ActiveCfg = Release|Any CPU
		{EA14094F-FB55-5ABC-1402-B4229C4AD0B1}.Release|Any CPU.Build.0 = Release|Any CPU
		{E91A0521-512A-4AB4-AEF2-45F58E134940}.Debug|Any CPU.ActiveCfg = Debug|Any CPU
		{E91A0521-512A-4AB4-AEF2-45F58E134940}.Debug|Any CPU.Build.0 = Debug|Any CPU
		{E91A0521-512A-4AB4-AEF2-45F58E134940}.Release|Any CPU.ActiveCfg = Release|Any CPU
		{E91A0521-512A-4AB4-AEF2-45F58E134940}.Release|Any CPU.Build.0 = Release|Any CPU
		{F337C634-AE85-4437-BAD4-56A05A46C5A9}.Debug|Any CPU.ActiveCfg = Debug|Any CPU
		{F337C634-AE85-4437-BAD4-56A05A46C5A9}.Debug|Any CPU.Build.0 = Debug|Any CPU
		{F337C634-AE85-4437-BAD4-56A05A46C5A9}.Release|Any CPU.ActiveCfg = Release|Any CPU
		{F337C634-AE85-4437-BAD4-56A05A46C5A9}.Release|Any CPU.Build.0 = Release|Any CPU
		{C3F03025-6FE3-4D1D-8B46-9F8DA5AC387A}.Debug|Any CPU.ActiveCfg = Debug|Any CPU
		{C3F03025-6FE3-4D1D-8B46-9F8DA5AC387A}.Debug|Any CPU.Build.0 = Debug|Any CPU
		{C3F03025-6FE3-4D1D-8B46-9F8DA5AC387A}.Release|Any CPU.ActiveCfg = Release|Any CPU
		{C3F03025-6FE3-4D1D-8B46-9F8DA5AC387A}.Release|Any CPU.Build.0 = Release|Any CPU
		{F432DF53-3FE5-4C26-80DB-0D8133308563}.Debug|Any CPU.ActiveCfg = Debug|Any CPU
		{F432DF53-3FE5-4C26-80DB-0D8133308563}.Debug|Any CPU.Build.0 = Debug|Any CPU
		{F432DF53-3FE5-4C26-80DB-0D8133308563}.Release|Any CPU.ActiveCfg = Release|Any CPU
		{F432DF53-3FE5-4C26-80DB-0D8133308563}.Release|Any CPU.Build.0 = Release|Any CPU
		{B9B58C09-2D4F-4E52-AB38-CF5B3AEF44D7}.Debug|Any CPU.ActiveCfg = Debug|Any CPU
		{B9B58C09-2D4F-4E52-AB38-CF5B3AEF44D7}.Debug|Any CPU.Build.0 = Debug|Any CPU
		{B9B58C09-2D4F-4E52-AB38-CF5B3AEF44D7}.Release|Any CPU.ActiveCfg = Release|Any CPU
		{B9B58C09-2D4F-4E52-AB38-CF5B3AEF44D7}.Release|Any CPU.Build.0 = Release|Any CPU
		{2764C6F0-BBD0-4322-A65B-25E33025AAF1}.Debug|Any CPU.ActiveCfg = Debug|Any CPU
		{2764C6F0-BBD0-4322-A65B-25E33025AAF1}.Debug|Any CPU.Build.0 = Debug|Any CPU
		{2764C6F0-BBD0-4322-A65B-25E33025AAF1}.Release|Any CPU.ActiveCfg = Release|Any CPU
		{2764C6F0-BBD0-4322-A65B-25E33025AAF1}.Release|Any CPU.Build.0 = Release|Any CPU
		{87AB8875-F71A-4464-9CBC-2CEAF7B423EE}.Debug|Any CPU.ActiveCfg = Debug|Any CPU
		{87AB8875-F71A-4464-9CBC-2CEAF7B423EE}.Debug|Any CPU.Build.0 = Debug|Any CPU
		{87AB8875-F71A-4464-9CBC-2CEAF7B423EE}.Release|Any CPU.ActiveCfg = Release|Any CPU
		{87AB8875-F71A-4464-9CBC-2CEAF7B423EE}.Release|Any CPU.Build.0 = Release|Any CPU
		{A7328E53-C18F-4E4D-8E48-87F49D473F30}.Debug|Any CPU.ActiveCfg = Debug|Any CPU
		{A7328E53-C18F-4E4D-8E48-87F49D473F30}.Debug|Any CPU.Build.0 = Debug|Any CPU
		{A7328E53-C18F-4E4D-8E48-87F49D473F30}.Release|Any CPU.ActiveCfg = Release|Any CPU
		{A7328E53-C18F-4E4D-8E48-87F49D473F30}.Release|Any CPU.Build.0 = Release|Any CPU
		{6E6DA2AD-73FE-485B-934B-AA2DAD4E9AA1}.Debug|Any CPU.ActiveCfg = Debug|Any CPU
		{6E6DA2AD-73FE-485B-934B-AA2DAD4E9AA1}.Debug|Any CPU.Build.0 = Debug|Any CPU
		{6E6DA2AD-73FE-485B-934B-AA2DAD4E9AA1}.Release|Any CPU.ActiveCfg = Release|Any CPU
		{6E6DA2AD-73FE-485B-934B-AA2DAD4E9AA1}.Release|Any CPU.Build.0 = Release|Any CPU
		{A0D6F79B-18F7-4671-B07C-4A8807CEB5D1}.Debug|Any CPU.ActiveCfg = Debug|Any CPU
		{A0D6F79B-18F7-4671-B07C-4A8807CEB5D1}.Debug|Any CPU.Build.0 = Debug|Any CPU
		{A0D6F79B-18F7-4671-B07C-4A8807CEB5D1}.Release|Any CPU.ActiveCfg = Release|Any CPU
		{A0D6F79B-18F7-4671-B07C-4A8807CEB5D1}.Release|Any CPU.Build.0 = Release|Any CPU
		{1E4E5F47-2E41-43D3-B7E2-028D12798EB3}.Debug|Any CPU.ActiveCfg = Debug|Any CPU
		{1E4E5F47-2E41-43D3-B7E2-028D12798EB3}.Debug|Any CPU.Build.0 = Debug|Any CPU
		{1E4E5F47-2E41-43D3-B7E2-028D12798EB3}.Release|Any CPU.ActiveCfg = Release|Any CPU
		{1E4E5F47-2E41-43D3-B7E2-028D12798EB3}.Release|Any CPU.Build.0 = Release|Any CPU
		{B024EDC1-FC50-420E-8101-69B4C3A29160}.Debug|Any CPU.ActiveCfg = Debug|Any CPU
		{B024EDC1-FC50-420E-8101-69B4C3A29160}.Debug|Any CPU.Build.0 = Debug|Any CPU
		{B024EDC1-FC50-420E-8101-69B4C3A29160}.Release|Any CPU.ActiveCfg = Release|Any CPU
		{B024EDC1-FC50-420E-8101-69B4C3A29160}.Release|Any CPU.Build.0 = Release|Any CPU
		{4DB85707-BC6F-4EBD-8F70-3D11F3F29D43}.Debug|Any CPU.ActiveCfg = Debug|Any CPU
		{4DB85707-BC6F-4EBD-8F70-3D11F3F29D43}.Debug|Any CPU.Build.0 = Debug|Any CPU
		{4DB85707-BC6F-4EBD-8F70-3D11F3F29D43}.Release|Any CPU.ActiveCfg = Release|Any CPU
		{4DB85707-BC6F-4EBD-8F70-3D11F3F29D43}.Release|Any CPU.Build.0 = Release|Any CPU
	EndGlobalSection
	GlobalSection(SolutionProperties) = preSolution
		HideSolutionNode = FALSE
	EndGlobalSection
	GlobalSection(NestedProjects) = preSolution
		{1B3C259A-502B-4ED0-97C3-41D2D7E332C7} = {02EA681E-C7D8-13C7-8484-4AC65E1B71E8}
		{A25A07E7-158F-4845-B369-C2A41204E619} = {1B3C259A-502B-4ED0-97C3-41D2D7E332C7}
		{EDBC3A13-ECCD-48F7-9626-8CD3B51047DA} = {02EA681E-C7D8-13C7-8484-4AC65E1B71E8}
		{C586FD67-B602-48F4-B7C8-F2CF7DBDD979} = {EDBC3A13-ECCD-48F7-9626-8CD3B51047DA}
		{5B1D1127-B94E-4243-B419-EE495B32F067} = {02EA681E-C7D8-13C7-8484-4AC65E1B71E8}
		{323FB4C3-55ED-45CD-B1C0-12F19A2842B9} = {5B1D1127-B94E-4243-B419-EE495B32F067}
		{08CEFE87-2608-4896-949B-B746F882FBB4} = {5B1D1127-B94E-4243-B419-EE495B32F067}
		{ADAF4D0D-902D-4B4D-94F7-85AC0A6E49D6} = {5B1D1127-B94E-4243-B419-EE495B32F067}
		{7FF8C1C5-FCAF-49E6-97C5-5058458E6B03} = {323FB4C3-55ED-45CD-B1C0-12F19A2842B9}
		{95E7C678-5F5A-49ED-96DD-1BAF946B79CD} = {323FB4C3-55ED-45CD-B1C0-12F19A2842B9}
		{E2271BCE-2E84-4C51-BF91-8048347A967D} = {08CEFE87-2608-4896-949B-B746F882FBB4}
		{9AF9C244-E9C9-47AF-BADB-79C0818165B3} = {ADAF4D0D-902D-4B4D-94F7-85AC0A6E49D6}
		{EA14094F-FB55-5ABC-1402-B4229C4AD0B1} = {87F4DF4C-D5C5-4D85-AA8C-FC96474C3339}
		{73A3B144-CEB0-4977-9F5F-C5E09FBED70E} = {02EA681E-C7D8-13C7-8484-4AC65E1B71E8}
		{E91A0521-512A-4AB4-AEF2-45F58E134940} = {73A3B144-CEB0-4977-9F5F-C5E09FBED70E}
		{F337C634-AE85-4437-BAD4-56A05A46C5A9} = {73A3B144-CEB0-4977-9F5F-C5E09FBED70E}
		{C3F03025-6FE3-4D1D-8B46-9F8DA5AC387A} = {73A3B144-CEB0-4977-9F5F-C5E09FBED70E}
		{F432DF53-3FE5-4C26-80DB-0D8133308563} = {73A3B144-CEB0-4977-9F5F-C5E09FBED70E}
		{B9B58C09-2D4F-4E52-AB38-CF5B3AEF44D7} = {73A3B144-CEB0-4977-9F5F-C5E09FBED70E}
		{BFD7126D-B928-4B98-92F4-03A4299262CB} = {02EA681E-C7D8-13C7-8484-4AC65E1B71E8}
		{2764C6F0-BBD0-4322-A65B-25E33025AAF1} = {BFD7126D-B928-4B98-92F4-03A4299262CB}
		{87AB8875-F71A-4464-9CBC-2CEAF7B423EE} = {01B12F9F-D6F1-41EE-9287-70B3C26A6F62}
		{A7328E53-C18F-4E4D-8E48-87F49D473F30} = {01B12F9F-D6F1-41EE-9287-70B3C26A6F62}
		{5F0B4F85-B474-4081-BBEF-F3D1F66647D3} = {02EA681E-C7D8-13C7-8484-4AC65E1B71E8}
		{6E6DA2AD-73FE-485B-934B-AA2DAD4E9AA1} = {5F0B4F85-B474-4081-BBEF-F3D1F66647D3}
		{A0D6F79B-18F7-4671-B07C-4A8807CEB5D1} = {CB544449-5575-45A4-B6BA-5227A9466CE7}
		{AB842E08-3256-4791-BC83-B9BF976A610D} = {02EA681E-C7D8-13C7-8484-4AC65E1B71E8}
		{1E4E5F47-2E41-43D3-B7E2-028D12798EB3} = {AB842E08-3256-4791-BC83-B9BF976A610D}
		{D87DA239-2FD4-4B6D-8883-F0734EA3533C} = {02EA681E-C7D8-13C7-8484-4AC65E1B71E8}
		{B024EDC1-FC50-420E-8101-69B4C3A29160} = {D87DA239-2FD4-4B6D-8883-F0734EA3533C}
		{4DB85707-BC6F-4EBD-8F70-3D11F3F29D43} = {FF9A5D0E-8940-4BB9-B3D1-932D0AAA5319}
	EndGlobalSection
	GlobalSection(ExtensibilityGlobals) = postSolution
		SolutionGuid = {0F5F01F7-9DAF-4AA7-98A3-AD3CEDFE1D29}
	EndGlobalSection
EndGlobal
